<?xml version="1.0" encoding="UTF-8"?>
<CONFIG>
  <ProjectOptions>
    <Version Value="12"/>
    <General>
      <Flags>
        <MainUnitHasCreateFormStatements Value="False"/>
        <MainUnitHasTitleStatement Value="False"/>
        <MainUnitHasScaledStatement Value="False"/>
      </Flags>
      <SessionStorage Value="InProjectDir"/>
      <Title Value="Клаус"/>
      <UseAppBundle Value="False"/>
      <ResourceType Value="res"/>
      <Icon Value="0"/>
    </General>
    <VersionInfo>
      <UseVersionInfo Value="True"/>
      <MajorVersionNr Value="1"/>
      <MinorVersionNr Value="6"/>
      <BuildNr Value="1"/>
      <Language Value="0419"/>
      <StringTable Comments="С благодарностью Дмитрию Тарасевичу и Анне Михеевой" CompanyName="Константин Захаров" FileDescription="Интерпретатор Клаус" InternalName="klauscon" LegalCopyright="Программа распространяется бесплатно по Стандартной общественной лицензии GNU GPLv3 или более поздней версии: https://www.gnu.org/licenses/gpl-3.0.html" LegalTrademarks="Репозиторий проекта: https://gitflic.ru/project/czaerlag/klauslang" OriginalFilename="klaus" ProductName="Клаус" ProductVersion="1.6.0"/>
    </VersionInfo>
    <BuildModes>
      <Item Name="Default" Default="True"/>
      <Item Name="Debug">
        <CompilerOptions>
          <Version Value="11"/>
          <Target>
            <Filename Value="../../compiled/klaus"/>
          </Target>
          <SearchPaths>
            <IncludeFiles Value="$(ProjOutDir)"/>
            <OtherUnitFiles Value="../lib"/>
            <UnitOutputDirectory Value="../../compiled/$NameOnly($(ProjFile))/$(TargetCPU)-$(TargetOS)"/>
          </SearchPaths>
          <Parsing>
            <SyntaxOptions>
              <IncludeAssertionCode Value="True"/>
              <AllowLabel Value="False"/>
            </SyntaxOptions>
          </Parsing>
          <CodeGeneration>
            <Checks>
              <IOChecks Value="True"/>
              <RangeChecks Value="True"/>
              <OverflowChecks Value="True"/>
              <StackChecks Value="True"/>
            </Checks>
            <VerifyObjMethodCallValidity Value="True"/>
          </CodeGeneration>
          <Linking>
            <Debugging>
              <DebugInfoType Value="dsDwarf3"/>
              <UseHeaptrc Value="True"/>
              <TrashVariables Value="True"/>
              <UseExternalDbgSyms Value="True"/>
            </Debugging>
          </Linking>
          <Other>
            <CompilerMessages>
              <IgnoredMessages idx6058="True" idx5024="True" idx3124="True" idx3123="True"/>
            </CompilerMessages>
          </Other>
        </CompilerOptions>
      </Item>
      <Item Name="Release">
        <CompilerOptions>
          <Version Value="11"/>
          <Target>
            <Filename Value="../../compiled/klaus"/>
          </Target>
          <SearchPaths>
            <IncludeFiles Value="$(ProjOutDir)"/>
            <OtherUnitFiles Value="../lib"/>
            <UnitOutputDirectory Value="../../compiled/$NameOnly($(ProjFile))/$(TargetCPU)-$(TargetOS)"/>
          </SearchPaths>
          <Parsing>
            <SyntaxOptions>
              <AllowLabel Value="False"/>
            </SyntaxOptions>
          </Parsing>
          <CodeGeneration>
            <SmartLinkUnit Value="True"/>
            <Optimizations>
              <OptimizationLevel Value="3"/>
            </Optimizations>
          </CodeGeneration>
          <Linking>
            <Debugging>
              <GenerateDebugInfo Value="False"/>
            </Debugging>
            <LinkSmart Value="True"/>
          </Linking>
          <Other>
            <CompilerMessages>
              <IgnoredMessages idx6058="True" idx5024="True" idx3124="True" idx3123="True"/>
            </CompilerMessages>
          </Other>
        </CompilerOptions>
      </Item>
      <Item Name="Win64">
        <CompilerOptions>
          <Version Value="11"/>
          <Target>
            <Filename Value="../../compiled/klaus"/>
          </Target>
          <SearchPaths>
            <IncludeFiles Value="$(ProjOutDir)"/>
            <OtherUnitFiles Value="../lib"/>
            <UnitOutputDirectory Value="../../compiled/$NameOnly($(ProjFile))/$(TargetCPU)-$(TargetOS)"/>
          </SearchPaths>
          <Parsing>
            <SyntaxOptions>
              <AllowLabel Value="False"/>
            </SyntaxOptions>
          </Parsing>
          <CodeGeneration>
            <SmartLinkUnit Value="True"/>
            <TargetOS Value="win64"/>
            <Optimizations>
              <OptimizationLevel Value="3"/>
            </Optimizations>
          </CodeGeneration>
          <Linking>
            <Debugging>
              <GenerateDebugInfo Value="False"/>
            </Debugging>
            <LinkSmart Value="True"/>
          </Linking>
          <Other>
            <CompilerMessages>
              <IgnoredMessages idx6058="True" idx5024="True" idx3124="True" idx3123="True"/>
            </CompilerMessages>
          </Other>
        </CompilerOptions>
      </Item>
    </BuildModes>
    <PublishOptions>
      <Version Value="2"/>
      <UseFileFilters Value="True"/>
    </PublishOptions>
    <RunParams>
      <FormatVersion Value="2"/>
    </RunParams>
    <RequiredPackages>
      <Item>
        <PackageName Value="LCLBase"/>
      </Item>
      <Item>
        <PackageName Value="LazUtils"/>
      </Item>
    </RequiredPackages>
    <Units>
      <Unit>
        <Filename Value="klauscon.lpr"/>
        <IsPartOfProject Value="True"/>
        <UnitName Value="KlausCon"/>
      </Unit>
    </Units>
  </ProjectOptions>
  <CompilerOptions>
    <Version Value="11"/>
    <Target>
      <Filename Value="../../compiled/klaus"/>
    </Target>
    <SearchPaths>
      <IncludeFiles Value="$(ProjOutDir)"/>
      <OtherUnitFiles Value="../lib"/>
      <UnitOutputDirectory Value="../../compiled/$NameOnly($(ProjFile))/$(TargetCPU)-$(TargetOS)"/>
    </SearchPaths>
    <CodeGeneration>
      <Optimizations>
        <OptimizationLevel Value="0"/>
      </Optimizations>
    </CodeGeneration>
    <Linking>
      <Debugging>
        <GenerateDebugInfo Value="False"/>
        <DebugInfoType Value="dsDwarf3"/>
      </Debugging>
    </Linking>
    <Other>
      <CompilerMessages>
        <IgnoredMessages idx6058="True" idx5024="True" idx3124="True" idx3123="True"/>
      </CompilerMessages>
    </Other>
  </CompilerOptions>
  <Debugging>
    <Exceptions>
      <Item>
        <Name Value="EAbort"/>
      </Item>
      <Item>
        <Name Value="ECodetoolError"/>
      </Item>
      <Item>
        <Name Value="EFOpenError"/>
        <Enabled Value="False"/>
      </Item>
      <Item>
        <Name Value="eKlausReturn"/>
      </Item>
      <Item>
        <Name Value="eKlausIOError"/>
        <Enabled Value="False"/>
      </Item>
      <Item>
        <Name Value="eKlausHalt"/>
      </Item>
      <Item>
        <Name Value="eKlausLangException"/>
      </Item>
      <Item>
        <Name Value="eKlausThrow"/>
      </Item>
    </Exceptions>
  </Debugging>
</CONFIG>
