<?xml version="1.0" encoding="UTF-8"?>
<CONFIG>
  <ProjectOptions>
    <Version Value="12"/>
    <General>
      <SessionStorage Value="InProjectDir"/>
      <Title Value="KlausCourseEdit"/>
      <Scaled Value="True"/>
      <ResourceType Value="res"/>
      <UseXPManifest Value="True"/>
      <XPManifest>
        <DpiAware Value="True"/>
      </XPManifest>
      <Icon Value="0"/>
    </General>
    <VersionInfo>
      <UseVersionInfo Value="True"/>
      <MajorVersionNr Value="2"/>
      <MinorVersionNr Value="3"/>
      <RevisionNr Value="3"/>
      <BuildNr Value="1"/>
      <Language Value="0419"/>
      <StringTable Comments="С благодарностью Дмитрию Тарасевичу и Анне Михеевой" CompanyName="Константин Захаров" FileDescription="Редактор практикума Клаус" InternalName="klauscourseedit" LegalCopyright="Программа распространяется бесплатно по Стандартной общественной лицензии GNU GPLv3 или более поздней версии: https://www.gnu.org/licenses/gpl-3.0.html" LegalTrademarks="Репозиторий проекта: https://gitflic.ru/project/czaerlag/klauslang" OriginalFilename="klaus-course-edit" ProductName="Клаус" ProductVersion="2.3.3"/>
    </VersionInfo>
    <BuildModes>
      <Item Name="Default" Default="True"/>
      <Item Name="Debug">
        <CompilerOptions>
          <Version Value="11"/>
          <Target>
            <Filename Value="../../compiled/klaus-course-edit"/>
          </Target>
          <SearchPaths>
            <IncludeFiles Value="$(ProjOutDir)"/>
            <OtherUnitFiles Value="../lib;../lib/bgrabitmap;../klaus;../lib/edit;../lib/console;../ide"/>
            <UnitOutputDirectory Value="../../compiled/$NameOnly($(ProjFile))/$(TargetCPU)-$(TargetOS)"/>
          </SearchPaths>
          <Parsing>
            <SyntaxOptions>
              <IncludeAssertionCode Value="True"/>
            </SyntaxOptions>
          </Parsing>
          <CodeGeneration>
            <Checks>
              <IOChecks Value="True"/>
              <RangeChecks Value="True"/>
              <OverflowChecks Value="True"/>
              <StackChecks Value="True"/>
            </Checks>
            <VerifyObjMethodCallValidity Value="True"/>
          </CodeGeneration>
          <Linking>
            <Debugging>
              <DebugInfoType Value="dsDwarf3"/>
              <TrashVariables Value="True"/>
              <UseExternalDbgSyms Value="True"/>
            </Debugging>
            <Options>
              <Win32>
                <GraphicApplication Value="True"/>
              </Win32>
            </Options>
          </Linking>
          <Other>
            <CompilerMessages>
              <IgnoredMessages idx6058="True" idx5024="True"/>
            </CompilerMessages>
            <CustomOptions Value="-dklauside"/>
          </Other>
        </CompilerOptions>
      </Item>
      <Item Name="Release">
        <CompilerOptions>
          <Version Value="11"/>
          <Target>
            <Filename Value="../../compiled/klaus-course-edit"/>
          </Target>
          <SearchPaths>
            <IncludeFiles Value="$(ProjOutDir)"/>
            <OtherUnitFiles Value="../lib;../klaus;../lib/edit;../lib/console;../ide"/>
            <UnitOutputDirectory Value="../../compiled/$NameOnly($(ProjFile))/$(TargetCPU)-$(TargetOS)"/>
          </SearchPaths>
          <CodeGeneration>
            <SmartLinkUnit Value="True"/>
            <Optimizations>
              <OptimizationLevel Value="3"/>
            </Optimizations>
          </CodeGeneration>
          <Linking>
            <Debugging>
              <GenerateDebugInfo Value="False"/>
              <RunWithoutDebug Value="True"/>
            </Debugging>
            <LinkSmart Value="True"/>
            <Options>
              <Win32>
                <GraphicApplication Value="True"/>
              </Win32>
            </Options>
          </Linking>
          <Other>
            <CompilerMessages>
              <IgnoredMessages idx6058="True" idx5024="True"/>
            </CompilerMessages>
            <CustomOptions Value="-dklauside"/>
          </Other>
        </CompilerOptions>
      </Item>
      <Item Name="Win64">
        <CompilerOptions>
          <Version Value="11"/>
          <Target>
            <Filename Value="../../compiled/klaus-course-edit"/>
          </Target>
          <SearchPaths>
            <IncludeFiles Value="$(ProjOutDir)"/>
            <OtherUnitFiles Value="../lib;../klaus;../lib/edit;../lib/console;../ide"/>
            <UnitOutputDirectory Value="../../compiled/$NameOnly($(ProjFile))/$(TargetCPU)-$(TargetOS)"/>
          </SearchPaths>
          <CodeGeneration>
            <SmartLinkUnit Value="True"/>
            <TargetCPU Value="x86_64"/>
            <TargetOS Value="win64"/>
            <Optimizations>
              <OptimizationLevel Value="3"/>
            </Optimizations>
          </CodeGeneration>
          <Linking>
            <Debugging>
              <GenerateDebugInfo Value="False"/>
              <RunWithoutDebug Value="True"/>
            </Debugging>
            <LinkSmart Value="True"/>
            <Options>
              <Win32>
                <GraphicApplication Value="True"/>
              </Win32>
            </Options>
          </Linking>
          <Other>
            <CompilerMessages>
              <IgnoredMessages idx6058="True" idx5024="True"/>
            </CompilerMessages>
            <CustomOptions Value="-dklauside"/>
          </Other>
        </CompilerOptions>
      </Item>
    </BuildModes>
    <PublishOptions>
      <Version Value="2"/>
      <UseFileFilters Value="True"/>
    </PublishOptions>
    <RunParams>
      <FormatVersion Value="2"/>
    </RunParams>
    <RequiredPackages>
      <Item>
        <PackageName Value="TurboPowerIPro"/>
      </Item>
      <Item>
        <PackageName Value="LCL"/>
      </Item>
    </RequiredPackages>
    <Units>
      <Unit>
        <Filename Value="klauscourseedit.lpr"/>
        <IsPartOfProject Value="True"/>
        <UnitName Value="KlausCourseEdit"/>
      </Unit>
      <Unit>
        <Filename Value="formmain.pas"/>
        <IsPartOfProject Value="True"/>
        <ComponentName Value="MainForm"/>
        <HasResources Value="True"/>
        <ResourceBaseClass Value="Form"/>
        <UnitName Value="FormMain"/>
      </Unit>
      <Unit>
        <Filename Value="framecourseprops.pas"/>
        <IsPartOfProject Value="True"/>
        <ComponentName Value="CoursePropsFrame"/>
        <HasResources Value="True"/>
        <ResourceBaseClass Value="Frame"/>
        <UnitName Value="FrameCourseProps"/>
      </Unit>
      <Unit>
        <Filename Value="framemarkdown.pas"/>
        <IsPartOfProject Value="True"/>
        <ComponentName Value="MarkdownFrame"/>
        <HasResources Value="True"/>
        <ResourceBaseClass Value="Frame"/>
        <UnitName Value="FrameMarkdown"/>
      </Unit>
      <Unit>
        <Filename Value="framecategoryprops.pas"/>
        <IsPartOfProject Value="True"/>
        <ComponentName Value="CategoryPropsFrame"/>
        <HasResources Value="True"/>
        <ResourceBaseClass Value="Frame"/>
        <UnitName Value="FrameCategoryProps"/>
      </Unit>
      <Unit>
        <Filename Value="frametaskprops.pas"/>
        <IsPartOfProject Value="True"/>
        <ComponentName Value="TaskPropsFrame"/>
        <HasResources Value="True"/>
        <ResourceBaseClass Value="Frame"/>
        <UnitName Value="FrameTaskProps"/>
      </Unit>
      <Unit>
        <Filename Value="frameprops.pas"/>
        <IsPartOfProject Value="True"/>
        <ComponentName Value="PropsFrame"/>
        <HasResources Value="True"/>
        <ResourceBaseClass Value="Frame"/>
        <UnitName Value="FrameProps"/>
      </Unit>
      <Unit>
        <Filename Value="framedoer.pas"/>
        <IsPartOfProject Value="True"/>
        <ComponentName Value="DoerFrame"/>
        <HasResources Value="True"/>
        <ResourceBaseClass Value="Frame"/>
        <UnitName Value="FrameDoer"/>
      </Unit>
      <Unit>
        <Filename Value="framedoer_mouse.pas"/>
        <IsPartOfProject Value="True"/>
        <ComponentName Value="DoerFrame_Mouse"/>
        <HasResources Value="True"/>
        <ResourceBaseClass Value="Frame"/>
        <UnitName Value="FrameDoerSetting_Mouse"/>
      </Unit>
    </Units>
  </ProjectOptions>
  <CompilerOptions>
    <Version Value="11"/>
    <Target>
      <Filename Value="../../compiled/klaus-course-edit"/>
    </Target>
    <SearchPaths>
      <IncludeFiles Value="$(ProjOutDir)"/>
      <OtherUnitFiles Value="../lib;../klaus;../lib/edit;../lib/console;../ide"/>
      <UnitOutputDirectory Value="../../compiled/$NameOnly($(ProjFile))/$(TargetCPU)-$(TargetOS)"/>
    </SearchPaths>
    <Linking>
      <Debugging>
        <DebugInfoType Value="dsDwarf3"/>
        <UseExternalDbgSyms Value="True"/>
      </Debugging>
      <Options>
        <Win32>
          <GraphicApplication Value="True"/>
        </Win32>
      </Options>
    </Linking>
    <Other>
      <CompilerMessages>
        <IgnoredMessages idx6058="True" idx5024="True"/>
      </CompilerMessages>
      <CustomOptions Value="-dklauside"/>
    </Other>
  </CompilerOptions>
  <Debugging>
    <Exceptions>
      <Item>
        <Name Value="EAbort"/>
      </Item>
      <Item>
        <Name Value="ECodetoolError"/>
      </Item>
      <Item>
        <Name Value="EFOpenError"/>
      </Item>
      <Item>
        <Name Value="eKlausError"/>
      </Item>
    </Exceptions>
  </Debugging>
</CONFIG>
