<?xml version="1.0" encoding="UTF-8"?>
<CONFIG>
  <ProjectOptions>
    <Version Value="12"/>
    <General>
      <SessionStorage Value="InProjectDir"/>
      <Title Value="Klaus IDE"/>
      <Scaled Value="True"/>
      <ResourceType Value="res"/>
      <UseXPManifest Value="True"/>
      <XPManifest>
        <DpiAware Value="True"/>
        <TextName Value="KlausLang.KlausIDE"/>
        <TextDesc Value="Klaus Development Environment"/>
      </XPManifest>
      <Icon Value="0"/>
    </General>
    <VersionInfo>
      <UseVersionInfo Value="True"/>
      <MajorVersionNr Value="1"/>
      <MinorVersionNr Value="6"/>
      <BuildNr Value="1"/>
      <Language Value="0419"/>
      <StringTable Comments="С благодарностью Дмитрию Тарасевичу и Анне Михеевой" CompanyName="Константин Захаров" FileDescription="Среда разработки Клаус" InternalName="klauside" LegalCopyright="Программа распространяется бесплатно по Стандартной общественной лицензии GNU GPLv3 или более поздней версии: https://www.gnu.org/licenses/gpl-3.0.html" LegalTrademarks="Репозиторий проекта: https://gitflic.ru/project/czaerlag/klauslang" OriginalFilename="klaus-ide" ProductName="Клаус" ProductVersion="1.6.0"/>
    </VersionInfo>
    <BuildModes>
      <Item Name="Default" Default="True"/>
      <Item Name="Debug">
        <CompilerOptions>
          <Version Value="11"/>
          <Target>
            <Filename Value="../../compiled/klaus-ide"/>
          </Target>
          <SearchPaths>
            <IncludeFiles Value="$(ProjOutDir)"/>
            <OtherUnitFiles Value="../lib;../klaus;../lib/edit;../lib/console;../lib/bgrabitmap"/>
            <UnitOutputDirectory Value="../../compiled/$NameOnly($(ProjFile))/$(TargetCPU)-$(TargetOS)"/>
          </SearchPaths>
          <Parsing>
            <SyntaxOptions>
              <IncludeAssertionCode Value="True"/>
              <AllowLabel Value="False"/>
            </SyntaxOptions>
          </Parsing>
          <CodeGeneration>
            <Checks>
              <IOChecks Value="True"/>
              <RangeChecks Value="True"/>
              <OverflowChecks Value="True"/>
              <StackChecks Value="True"/>
            </Checks>
            <VerifyObjMethodCallValidity Value="True"/>
          </CodeGeneration>
          <Linking>
            <Debugging>
              <DebugInfoType Value="dsDwarf3"/>
              <TrashVariables Value="True"/>
              <UseExternalDbgSyms Value="True"/>
            </Debugging>
            <Options>
              <Win32>
                <GraphicApplication Value="True"/>
              </Win32>
            </Options>
          </Linking>
          <Other>
            <CompilerMessages>
              <IgnoredMessages idx6058="True" idx5024="True" idx5023="True" idx3124="True" idx3123="True"/>
            </CompilerMessages>
          </Other>
        </CompilerOptions>
      </Item>
      <Item Name="Release">
        <CompilerOptions>
          <Version Value="11"/>
          <Target>
            <Filename Value="../../compiled/klaus-ide"/>
          </Target>
          <SearchPaths>
            <IncludeFiles Value="$(ProjOutDir)"/>
            <OtherUnitFiles Value="../lib;../klaus;../lib/edit;../lib/console"/>
            <UnitOutputDirectory Value="../../compiled/$NameOnly($(ProjFile))/$(TargetCPU)-$(TargetOS)"/>
          </SearchPaths>
          <Parsing>
            <SyntaxOptions>
              <AllowLabel Value="False"/>
            </SyntaxOptions>
          </Parsing>
          <CodeGeneration>
            <SmartLinkUnit Value="True"/>
            <Optimizations>
              <OptimizationLevel Value="3"/>
            </Optimizations>
          </CodeGeneration>
          <Linking>
            <Debugging>
              <GenerateDebugInfo Value="False"/>
            </Debugging>
            <LinkSmart Value="True"/>
            <Options>
              <Win32>
                <GraphicApplication Value="True"/>
              </Win32>
            </Options>
          </Linking>
          <Other>
            <CompilerMessages>
              <IgnoredMessages idx6058="True" idx5024="True" idx5023="True" idx3124="True" idx3123="True"/>
            </CompilerMessages>
          </Other>
        </CompilerOptions>
      </Item>
      <Item Name="Win64">
        <CompilerOptions>
          <Version Value="11"/>
          <Target>
            <Filename Value="../../compiled/klaus-ide"/>
          </Target>
          <SearchPaths>
            <IncludeFiles Value="$(ProjOutDir)"/>
            <OtherUnitFiles Value="../lib;../klaus;../lib/edit;../lib/console"/>
            <UnitOutputDirectory Value="../../compiled/$NameOnly($(ProjFile))/$(TargetCPU)-$(TargetOS)"/>
          </SearchPaths>
          <Parsing>
            <SyntaxOptions>
              <AllowLabel Value="False"/>
            </SyntaxOptions>
          </Parsing>
          <CodeGeneration>
            <SmartLinkUnit Value="True"/>
            <TargetOS Value="win64"/>
            <Optimizations>
              <OptimizationLevel Value="3"/>
            </Optimizations>
          </CodeGeneration>
          <Linking>
            <Debugging>
              <GenerateDebugInfo Value="False"/>
            </Debugging>
            <LinkSmart Value="True"/>
            <Options>
              <Win32>
                <GraphicApplication Value="True"/>
              </Win32>
            </Options>
          </Linking>
          <Other>
            <CompilerMessages>
              <IgnoredMessages idx6058="True" idx5024="True" idx5023="True" idx3124="True" idx3123="True"/>
            </CompilerMessages>
          </Other>
        </CompilerOptions>
      </Item>
    </BuildModes>
    <PublishOptions>
      <Version Value="2"/>
      <UseFileFilters Value="True"/>
    </PublishOptions>
    <RunParams>
      <FormatVersion Value="2"/>
    </RunParams>
    <RequiredPackages>
      <Item>
        <PackageName Value="FCL"/>
      </Item>
      <Item>
        <PackageName Value="LCL"/>
      </Item>
    </RequiredPackages>
    <Units>
      <Unit>
        <Filename Value="klauside.lpr"/>
        <IsPartOfProject Value="True"/>
        <UnitName Value="KlausIDE"/>
      </Unit>
      <Unit>
        <Filename Value="formmain.pas"/>
        <IsPartOfProject Value="True"/>
        <ComponentName Value="MainForm"/>
        <HasResources Value="True"/>
        <ResourceBaseClass Value="Form"/>
        <UnitName Value="FormMain"/>
      </Unit>
      <Unit>
        <Filename Value="formscene.pas"/>
        <IsPartOfProject Value="True"/>
        <ComponentName Value="SceneForm"/>
        <HasResources Value="True"/>
        <ResourceBaseClass Value="Form"/>
        <UnitName Value="FormScene"/>
      </Unit>
      <Unit>
        <Filename Value="../lib/console/klausconsole.pas"/>
        <IsPartOfProject Value="True"/>
        <UnitName Value="KlausConsole"/>
      </Unit>
      <Unit>
        <Filename Value="framedebugvariables.pas"/>
        <IsPartOfProject Value="True"/>
        <ComponentName Value="DebugVariablesFrame"/>
        <HasResources Value="True"/>
        <ResourceBaseClass Value="Frame"/>
        <UnitName Value="FrameDebugVariables"/>
      </Unit>
      <Unit>
        <Filename Value="framedebugcallstack.pas"/>
        <IsPartOfProject Value="True"/>
        <ComponentName Value="DebugCallStackFrame"/>
        <HasResources Value="True"/>
        <ResourceBaseClass Value="Frame"/>
        <UnitName Value="FrameDebugCallStack"/>
      </Unit>
      <Unit>
        <Filename Value="dlgcmdlineargs.pas"/>
        <IsPartOfProject Value="True"/>
        <ComponentName Value="CmdLineArgsDlg"/>
        <HasResources Value="True"/>
        <ResourceBaseClass Value="Form"/>
        <UnitName Value="DlgCmdLineArgs"/>
      </Unit>
      <Unit>
        <Filename Value="../klaus/klausunitsystem_proc.pas"/>
        <IsPartOfProject Value="True"/>
        <UnitName Value="KlausUnitSystem_Proc"/>
      </Unit>
      <Unit>
        <Filename Value="framedebugbreakpoints.pas"/>
        <IsPartOfProject Value="True"/>
        <ComponentName Value="DebugBreakpointsFrame"/>
        <HasResources Value="True"/>
        <ResourceBaseClass Value="Frame"/>
        <UnitName Value="FrameDebugBreakpoints"/>
      </Unit>
      <Unit>
        <Filename Value="dlgsearchreplace.pas"/>
        <IsPartOfProject Value="True"/>
        <ComponentName Value="SearchReplaceDlg"/>
        <HasResources Value="True"/>
        <ResourceBaseClass Value="Form"/>
        <UnitName Value="DlgSearchReplace"/>
      </Unit>
      <Unit>
        <Filename Value="formsplash.pas"/>
        <IsPartOfProject Value="True"/>
        <ComponentName Value="SplashForm"/>
        <HasResources Value="True"/>
        <ResourceBaseClass Value="Form"/>
        <UnitName Value="FormSplash"/>
      </Unit>
      <Unit>
        <Filename Value="../lib/console/klausconkeys.pas"/>
        <IsPartOfProject Value="True"/>
        <UnitName Value="KlausConKeys"/>
      </Unit>
      <Unit>
        <Filename Value="dlgoptions.pas"/>
        <IsPartOfProject Value="True"/>
        <ComponentName Value="OptionsDlg"/>
        <HasResources Value="True"/>
        <ResourceBaseClass Value="Form"/>
        <UnitName Value="DlgOptions"/>
      </Unit>
      <Unit>
        <Filename Value="framedebugwatches.pas"/>
        <IsPartOfProject Value="True"/>
        <ComponentName Value="tDebugWatchesFrame"/>
        <HasResources Value="True"/>
        <ResourceBaseClass Value="Frame"/>
        <UnitName Value="FrameDebugWatches"/>
      </Unit>
      <Unit>
        <Filename Value="dlgevaluate.pas"/>
        <IsPartOfProject Value="True"/>
        <ComponentName Value="EvaluateDlg"/>
        <HasResources Value="True"/>
        <ResourceBaseClass Value="Form"/>
        <UnitName Value="DlgEvaluate"/>
      </Unit>
      <Unit>
        <Filename Value="frameeditoroptions.pas"/>
        <IsPartOfProject Value="True"/>
        <ComponentName Value="EditorOptionsFrame"/>
        <HasResources Value="True"/>
        <ResourceBaseClass Value="Frame"/>
        <UnitName Value="FrameEditorOptions"/>
      </Unit>
      <Unit>
        <Filename Value="frameconsoleoptions.pas"/>
        <IsPartOfProject Value="True"/>
        <ComponentName Value="ConsoleOptionsFrame"/>
        <HasResources Value="True"/>
        <ResourceBaseClass Value="Frame"/>
        <UnitName Value="FrameConsoleOptions"/>
      </Unit>
      <Unit>
        <Filename Value="../lib/console/klauspaintbox.pas"/>
        <IsPartOfProject Value="True"/>
        <UnitName Value="KlausPaintBox"/>
      </Unit>
    </Units>
  </ProjectOptions>
  <CompilerOptions>
    <Version Value="11"/>
    <Target>
      <Filename Value="../../compiled/klaus-ide"/>
    </Target>
    <SearchPaths>
      <IncludeFiles Value="$(ProjOutDir)"/>
      <OtherUnitFiles Value="../lib;../klaus;../lib/edit;../lib/console"/>
      <UnitOutputDirectory Value="../../compiled/$NameOnly($(ProjFile))/$(TargetCPU)-$(TargetOS)"/>
    </SearchPaths>
    <Parsing>
      <SyntaxOptions>
        <AllowLabel Value="False"/>
      </SyntaxOptions>
    </Parsing>
    <CodeGeneration>
      <Optimizations>
        <OptimizationLevel Value="3"/>
      </Optimizations>
    </CodeGeneration>
    <Linking>
      <Debugging>
        <GenerateDebugInfo Value="False"/>
        <DebugInfoType Value="dsDwarf3"/>
      </Debugging>
      <Options>
        <Win32>
          <GraphicApplication Value="True"/>
        </Win32>
      </Options>
    </Linking>
    <Other>
      <CompilerMessages>
        <IgnoredMessages idx6058="True" idx5024="True" idx5023="True" idx3124="True" idx3123="True"/>
      </CompilerMessages>
    </Other>
  </CompilerOptions>
  <Debugging>
    <Exceptions>
      <Item>
        <Name Value="EAbort"/>
      </Item>
      <Item>
        <Name Value="ECodetoolError"/>
      </Item>
      <Item>
        <Name Value="EFOpenError"/>
      </Item>
      <Item>
        <Name Value="eKlausError"/>
      </Item>
      <Item>
        <Name Value="eKlausDebugTerminated"/>
      </Item>
      <Item>
        <Name Value="RunError(100)"/>
      </Item>
      <Item>
        <Name Value="EInOutError"/>
      </Item>
      <Item>
        <Name Value="eKlausReturn"/>
      </Item>
      <Item>
        <Name Value="eKlausIOError"/>
      </Item>
      <Item>
        <Name Value="eKlausBreak"/>
      </Item>
      <Item>
        <Name Value="eKlausContinue"/>
      </Item>
      <Item>
        <Name Value="eKlausHalt"/>
      </Item>
      <Item>
        <Name Value="eKlausLangException"/>
      </Item>
      <Item>
        <Name Value="eKlausThrow"/>
      </Item>
      <Item>
        <Name Value="EConvertError"/>
      </Item>
      <Item>
        <Name Value="EReadError"/>
      </Item>
      <Item>
        <Name Value="EStreamError"/>
      </Item>
      <Item>
        <Name Value="EOSError"/>
      </Item>
    </Exceptions>
  </Debugging>
</CONFIG>
